
Microsoft Visual Studio Solution File, Format Version 12.00
# Visual Studio Version 16
VisualStudioVersion = 16.0.30523.141
MinimumVisualStudioVersion = 10.0.40219.1
Project("{FAE04EC0-301F-11D3-BF4B-00C04F79EFBC}") = "TMS.Net07.Homework.ConverterCurrency", "TMS.Net07.Homework.ConverterCurrency.csproj", "{949D3673-C7F4-44C8-A083-5A41892FE589}"
EndProject
Project("{FAE04EC0-301F-11D3-BF4B-00C04F79EFBC}") = "Calculator", "..\Calculator\Calculator.csproj", "{31A498D4-1293-4203-B875-DFF213DF9ADD}"
EndProject
Global
	GlobalSection(SolutionConfigurationPlatforms) = preSolution
		Debug|Any CPU = Debug|Any CPU
		Release|Any CPU = Release|Any CPU
	EndGlobalSection
	GlobalSection(ProjectConfigurationPlatforms) = postSolution
		{949D3673-C7F4-44C8-A083-5A41892FE589}.Debug|Any CPU.ActiveCfg = Debug|Any CPU
		{949D3673-C7F4-44C8-A083-5A41892FE589}.Debug|Any CPU.Build.0 = Debug|Any CPU
		{949D3673-C7F4-44C8-A083-5A41892FE589}.Release|Any CPU.ActiveCfg = Release|Any CPU
		{949D3673-C7F4-44C8-A083-5A41892FE589}.Release|Any CPU.Build.0 = Release|Any CPU
		{31A498D4-1293-4203-B875-DFF213DF9ADD}.Debug|Any CPU.ActiveCfg = Debug|Any CPU
		{31A498D4-1293-4203-B875-DFF213DF9ADD}.Debug|Any CPU.Build.0 = Debug|Any CPU
		{31A498D4-1293-4203-B875-DFF213DF9ADD}.Release|Any CPU.ActiveCfg = Release|Any CPU
		{31A498D4-1293-4203-B875-DFF213DF9ADD}.Release|Any CPU.Build.0 = Release|Any CPU
	EndGlobalSection
	GlobalSection(SolutionProperties) = preSolution
		HideSolutionNode = FALSE
	EndGlobalSection
	GlobalSection(ExtensibilityGlobals) = postSolution
		SolutionGuid = {28E141AA-A704-4A50-BB2D-593D90F0C828}
	EndGlobalSection
EndGlobal
